{
  "name": "ga-sei-boston.browser-template",
  "version": "0.1.0",
  "lockfileVersion": 1,
  "requires": true,
  "dependencies": {
    "bootstrap": {
      "version": "file:bootstrap"
    },
    "startbootstrap-creative": {
      "version": "6.0.1",
      "resolved": "https://registry.npmjs.org/startbootstrap-creative/-/startbootstrap-creative-6.0.1.tgz",
      "integrity": "sha512-5Y36uJxxsZyDUiKWMvLuu62pzc9lafaPEFQW50YWpYOFP2vJSiBjoGg+Rg65I8fyNkI/CoKRD2Cdo63qsdt1Og==",
      "requires": {
        "bootstrap": "4.4.1"
      },
      "dependencies": {
        "bootstrap": {
          "version": "4.4.1",
          "resolved": "https://registry.npmjs.org/bootstrap/-/bootstrap-4.4.1.tgz",
          "integrity": "sha512-tbx5cHubwE6e2ZG7nqM3g/FZ5PQEDMWmMGNrCUBVRPHXTJaH7CBDdsLeu3eCh3B1tzAxTnAbtmrzvWEvT2NNEA=="
        }
      }
    }
  }
}
